
Microsoft Visual Studio Solution File, Format Version 12.00
# Visual Studio Version 17
VisualStudioVersion = 17.7.34202.233
MinimumVisualStudioVersion = 10.0.40219.1
Project("{9A19103F-16F7-4668-BE54-9A1E7A4F7556}") = "FinancesApi", "FinancesApi\FinancesApi.csproj", "{6D651065-8C47-47A9-80D8-10C1AF9A312E}"
EndProject
Project("{9A19103F-16F7-4668-BE54-9A1E7A4F7556}") = "MBankScrapper", "MBankScrapper\MBankScrapper.csproj", "{FA6BAEAD-145D-4E25-BC36-BB8CFC536D6B}"
EndProject
Project("{9A19103F-16F7-4668-BE54-9A1E7A4F7556}") = "PlaywrightHook", "PlaywrightHook\PlaywrightHook.csproj", "{0A3F7271-1C9D-4B3E-AA34-F16C2A09F893}"
EndProject
Project("{9A19103F-16F7-4668-BE54-9A1E7A4F7556}") = "BrowserHook", "BrowserHook\BrowserHook.csproj", "{7E2BC497-6B40-4A01-89B1-B97EF040DFCA}"
EndProject
Project("{9A19103F-16F7-4668-BE54-9A1E7A4F7556}") = "SantanderScrapper", "SantanderScrapper\SantanderScrapper.csproj", "{50CB85A2-A65E-440F-AD8C-11A10526A31C}"
EndProject
Project("{9A19103F-16F7-4668-BE54-9A1E7A4F7556}") = "FinancesBlazor", "FinancesBlazor\FinancesBlazor.csproj", "{9A615F74-C3D2-4A2F-8D8F-91B162331FF5}"
EndProject
Project("{9A19103F-16F7-4668-BE54-9A1E7A4F7556}") = "DataSource", "DataSource\DataSource.csproj", "{7BCA98FA-89BF-4CFD-B016-4397101C3C35}"
EndProject
Project("{9A19103F-16F7-4668-BE54-9A1E7A4F7556}") = "Finances.DataSource", "Finances.DataSource\Finances.DataSource.csproj", "{2DAFB37A-37E8-4257-B1C1-DDFF1A6D928A}"
EndProject
Project("{9A19103F-16F7-4668-BE54-9A1E7A4F7556}") = "DataViews", "DataViews\DataViews.csproj", "{47293FB6-4C34-42AF-A475-F3698DB60B24}"
EndProject
Project("{9A19103F-16F7-4668-BE54-9A1E7A4F7556}") = "Finances.DataView", "Finances.DataView\Finances.DataView.csproj", "{2AB1EF07-C05D-479F-A01D-C8E0F9BFBC1F}"
EndProject
Project("{2150E333-8FDC-42A3-9474-1A3956D46DE8}") = "Tests", "Tests", "{2AC7B8D9-B5C8-41B1-BF27-C485CBF6C95B}"
EndProject
Project("{FAE04EC0-301F-11D3-BF4B-00C04F79EFBC}") = "DataSource.Tests", "DataSource.Tests\DataSource.Tests.csproj", "{605A34E9-1122-4E74-B286-EEB4715D4ECA}"
EndProject
Global
	GlobalSection(SolutionConfigurationPlatforms) = preSolution
		Debug|Any CPU = Debug|Any CPU
		Release|Any CPU = Release|Any CPU
	EndGlobalSection
	GlobalSection(ProjectConfigurationPlatforms) = postSolution
		{6D651065-8C47-47A9-80D8-10C1AF9A312E}.Debug|Any CPU.ActiveCfg = Debug|Any CPU
		{6D651065-8C47-47A9-80D8-10C1AF9A312E}.Debug|Any CPU.Build.0 = Debug|Any CPU
		{6D651065-8C47-47A9-80D8-10C1AF9A312E}.Release|Any CPU.ActiveCfg = Release|Any CPU
		{6D651065-8C47-47A9-80D8-10C1AF9A312E}.Release|Any CPU.Build.0 = Release|Any CPU
		{FA6BAEAD-145D-4E25-BC36-BB8CFC536D6B}.Debug|Any CPU.ActiveCfg = Debug|Any CPU
		{FA6BAEAD-145D-4E25-BC36-BB8CFC536D6B}.Debug|Any CPU.Build.0 = Debug|Any CPU
		{FA6BAEAD-145D-4E25-BC36-BB8CFC536D6B}.Release|Any CPU.ActiveCfg = Release|Any CPU
		{FA6BAEAD-145D-4E25-BC36-BB8CFC536D6B}.Release|Any CPU.Build.0 = Release|Any CPU
		{0A3F7271-1C9D-4B3E-AA34-F16C2A09F893}.Debug|Any CPU.ActiveCfg = Debug|Any CPU
		{0A3F7271-1C9D-4B3E-AA34-F16C2A09F893}.Debug|Any CPU.Build.0 = Debug|Any CPU
		{0A3F7271-1C9D-4B3E-AA34-F16C2A09F893}.Release|Any CPU.ActiveCfg = Release|Any CPU
		{0A3F7271-1C9D-4B3E-AA34-F16C2A09F893}.Release|Any CPU.Build.0 = Release|Any CPU
		{7E2BC497-6B40-4A01-89B1-B97EF040DFCA}.Debug|Any CPU.ActiveCfg = Debug|Any CPU
		{7E2BC497-6B40-4A01-89B1-B97EF040DFCA}.Debug|Any CPU.Build.0 = Debug|Any CPU
		{7E2BC497-6B40-4A01-89B1-B97EF040DFCA}.Release|Any CPU.ActiveCfg = Release|Any CPU
		{7E2BC497-6B40-4A01-89B1-B97EF040DFCA}.Release|Any CPU.Build.0 = Release|Any CPU
		{50CB85A2-A65E-440F-AD8C-11A10526A31C}.Debug|Any CPU.ActiveCfg = Debug|Any CPU
		{50CB85A2-A65E-440F-AD8C-11A10526A31C}.Debug|Any CPU.Build.0 = Debug|Any CPU
		{50CB85A2-A65E-440F-AD8C-11A10526A31C}.Release|Any CPU.ActiveCfg = Release|Any CPU
		{50CB85A2-A65E-440F-AD8C-11A10526A31C}.Release|Any CPU.Build.0 = Release|Any CPU
		{9A615F74-C3D2-4A2F-8D8F-91B162331FF5}.Debug|Any CPU.ActiveCfg = Debug|Any CPU
		{9A615F74-C3D2-4A2F-8D8F-91B162331FF5}.Debug|Any CPU.Build.0 = Debug|Any CPU
		{9A615F74-C3D2-4A2F-8D8F-91B162331FF5}.Release|Any CPU.ActiveCfg = Release|Any CPU
		{9A615F74-C3D2-4A2F-8D8F-91B162331FF5}.Release|Any CPU.Build.0 = Release|Any CPU
		{7BCA98FA-89BF-4CFD-B016-4397101C3C35}.Debug|Any CPU.ActiveCfg = Debug|Any CPU
		{7BCA98FA-89BF-4CFD-B016-4397101C3C35}.Debug|Any CPU.Build.0 = Debug|Any CPU
		{7BCA98FA-89BF-4CFD-B016-4397101C3C35}.Release|Any CPU.ActiveCfg = Release|Any CPU
		{7BCA98FA-89BF-4CFD-B016-4397101C3C35}.Release|Any CPU.Build.0 = Release|Any CPU
		{2DAFB37A-37E8-4257-B1C1-DDFF1A6D928A}.Debug|Any CPU.ActiveCfg = Debug|Any CPU
		{2DAFB37A-37E8-4257-B1C1-DDFF1A6D928A}.Debug|Any CPU.Build.0 = Debug|Any CPU
		{2DAFB37A-37E8-4257-B1C1-DDFF1A6D928A}.Release|Any CPU.ActiveCfg = Release|Any CPU
		{2DAFB37A-37E8-4257-B1C1-DDFF1A6D928A}.Release|Any CPU.Build.0 = Release|Any CPU
		{47293FB6-4C34-42AF-A475-F3698DB60B24}.Debug|Any CPU.ActiveCfg = Debug|Any CPU
		{47293FB6-4C34-42AF-A475-F3698DB60B24}.Debug|Any CPU.Build.0 = Debug|Any CPU
		{47293FB6-4C34-42AF-A475-F3698DB60B24}.Release|Any CPU.ActiveCfg = Release|Any CPU
		{47293FB6-4C34-42AF-A475-F3698DB60B24}.Release|Any CPU.Build.0 = Release|Any CPU
		{2AB1EF07-C05D-479F-A01D-C8E0F9BFBC1F}.Debug|Any CPU.ActiveCfg = Debug|Any CPU
		{2AB1EF07-C05D-479F-A01D-C8E0F9BFBC1F}.Debug|Any CPU.Build.0 = Debug|Any CPU
		{2AB1EF07-C05D-479F-A01D-C8E0F9BFBC1F}.Release|Any CPU.ActiveCfg = Release|Any CPU
		{2AB1EF07-C05D-479F-A01D-C8E0F9BFBC1F}.Release|Any CPU.Build.0 = Release|Any CPU
		{605A34E9-1122-4E74-B286-EEB4715D4ECA}.Debug|Any CPU.ActiveCfg = Debug|Any CPU
		{605A34E9-1122-4E74-B286-EEB4715D4ECA}.Debug|Any CPU.Build.0 = Debug|Any CPU
		{605A34E9-1122-4E74-B286-EEB4715D4ECA}.Release|Any CPU.ActiveCfg = Release|Any CPU
		{605A34E9-1122-4E74-B286-EEB4715D4ECA}.Release|Any CPU.Build.0 = Release|Any CPU
	EndGlobalSection
	GlobalSection(SolutionProperties) = preSolution
		HideSolutionNode = FALSE
	EndGlobalSection
	GlobalSection(NestedProjects) = preSolution
		{605A34E9-1122-4E74-B286-EEB4715D4ECA} = {2AC7B8D9-B5C8-41B1-BF27-C485CBF6C95B}
	EndGlobalSection
	GlobalSection(ExtensibilityGlobals) = postSolution
		SolutionGuid = {D8FA29ED-4B04-4038-84FB-AA26D2D1197A}
	EndGlobalSection
EndGlobal
